{
  "pid": 29452,
  "host": "MatteoTanzi-PC",
  "startedAt": "2026-04-04T16:31:45-0400",
  "inputPath": "D:\\Programming\\Projects\\LegislativeReviews\\docs\\canadian-laws\\processed\\review_inputs_transport_infrastructure_obsolescence_modernization_prosperity_v1_en.parquet",
  "outputPath": "D:\\Programming\\Projects\\LegislativeReviews\\docs\\canadian-laws\\processed\\reviews_transport_infrastructure_obsolescence_modernization_prosperity_v1_en.parquet"
}
